// !$*UTF8*$!
{
	archiveVersion = 1;
	classes = {
	};
	objectVersion = 56;
	objects = {

/* Begin PBXBuildFile section */
		67CC090E2CBED0D100F41A32 /* EducaSwiftExerciseSearchApp.swift in Sources */ = {isa = PBXBuildFile; fileRef = 67CC090D2CBED0D100F41A32 /* EducaSwiftExerciseSearchApp.swift */; };
		67CC09102CBED0D100F41A32 /* ContentView.swift in Sources */ = {isa = PBXBuildFile; fileRef = 67CC090F2CBED0D100F41A32 /* ContentView.swift */; };
		67CC09122CBED0D300F41A32 /* Assets.xcassets in Resources */ = {isa = PBXBuildFile; fileRef = 67CC09112CBED0D300F41A32 /* Assets.xcassets */; };
		67CC09152CBED0D300F41A32 /* Preview Assets.xcassets in Resources */ = {isa = PBXBuildFile; fileRef = 67CC09142CBED0D300F41A32 /* Preview Assets.xcassets */; };
		67CC091C2CBED0F000F41A32 /* SearchViewModel.swift in Sources */ = {isa = PBXBuildFile; fileRef = 67CC091B2CBED0F000F41A32 /* SearchViewModel.swift */; };
		67CC091E2CBED12B00F41A32 /* Item.swift in Sources */ = {isa = PBXBuildFile; fileRef = 67CC091D2CBED12B00F41A32 /* Item.swift */; };
		67CC09262CBFACC700F41A32 /* EducaSwiftExerciseSearchTests.swift in Sources */ = {isa = PBXBuildFile; fileRef = 67CC09252CBFACC700F41A32 /* EducaSwiftExerciseSearchTests.swift */; };
		67CC092D2CBFACD800F41A32 /* SearchViewModelTests.swift in Sources */ = {isa = PBXBuildFile; fileRef = 67CC092C2CBFACD800F41A32 /* SearchViewModelTests.swift */; };
/* End PBXBuildFile section */

/* Begin PBXContainerItemProxy section */
		67CC09272CBFACC700F41A32 /* PBXContainerItemProxy */ = {
			isa = PBXContainerItemProxy;
			containerPortal = 67CC09022CBED0D100F41A32 /* Project object */;
			proxyType = 1;
			remoteGlobalIDString = 67CC09092CBED0D100F41A32;
			remoteInfo = EducaSwiftExerciseSearch;
		};
/* End PBXContainerItemProxy section */

/* Begin PBXFileReference section */
		67CC090A2CBED0D100F41A32 /* EducaSwiftExerciseSearch.app */ = {isa = PBXFileReference; explicitFileType = wrapper.application; includeInIndex = 0; path = EducaSwiftExerciseSearch.app; sourceTree = BUILT_PRODUCTS_DIR; };
		67CC090D2CBED0D100F41A32 /* EducaSwiftExerciseSearchApp.swift */ = {isa = PBXFileReference; lastKnownFileType = sourcecode.swift; path = EducaSwiftExerciseSearchApp.swift; sourceTree = "<group>"; };
		67CC090F2CBED0D100F41A32 /* ContentView.swift */ = {isa = PBXFileReference; lastKnownFileType = sourcecode.swift; path = ContentView.swift; sourceTree = "<group>"; };
		67CC09112CBED0D300F41A32 /* Assets.xcassets */ = {isa = PBXFileReference; lastKnownFileType = folder.assetcatalog; path = Assets.xcassets; sourceTree = "<group>"; };
		67CC09142CBED0D300F41A32 /* Preview Assets.xcassets */ = {isa = PBXFileReference; lastKnownFileType = folder.assetcatalog; path = "Preview Assets.xcassets"; sourceTree = "<group>"; };
		67CC091B2CBED0F000F41A32 /* SearchViewModel.swift */ = {isa = PBXFileReference; lastKnownFileType = sourcecode.swift; path = SearchViewModel.swift; sourceTree = "<group>"; };
		67CC091D2CBED12B00F41A32 /* Item.swift */ = {isa = PBXFileReference; lastKnownFileType = sourcecode.swift; path = Item.swift; sourceTree = "<group>"; };
		67CC09232CBFACC700F41A32 /* EducaSwiftExerciseSearchTests.xctest */ = {isa = PBXFileReference; explicitFileType = wrapper.cfbundle; includeInIndex = 0; path = EducaSwiftExerciseSearchTests.xctest; sourceTree = BUILT_PRODUCTS_DIR; };
		67CC09252CBFACC700F41A32 /* EducaSwiftExerciseSearchTests.swift */ = {isa = PBXFileReference; lastKnownFileType = sourcecode.swift; path = EducaSwiftExerciseSearchTests.swift; sourceTree = "<group>"; };
		67CC092C2CBFACD800F41A32 /* SearchViewModelTests.swift */ = {isa = PBXFileReference; lastKnownFileType = sourcecode.swift; path = SearchViewModelTests.swift; sourceTree = "<group>"; };
/* End PBXFileReference section */

/* Begin PBXFrameworksBuildPhase section */
		67CC09072CBED0D100F41A32 /* Frameworks */ = {
			isa = PBXFrameworksBuildPhase;
			buildActionMask = 2147483647;
			files = (
			);
			runOnlyForDeploymentPostprocessing = 0;
		};
		67CC09202CBFACC700F41A32 /* Frameworks */ = {
			isa = PBXFrameworksBuildPhase;
			buildActionMask = 2147483647;
			files = (
			);
			runOnlyForDeploymentPostprocessing = 0;
		};
/* End PBXFrameworksBuildPhase section */

/* Begin PBXGroup section */
		67CC09012CBED0D100F41A32 = {
			isa = PBXGroup;
			children = (
				67CC090C2CBED0D100F41A32 /* EducaSwiftExerciseSearch */,
				67CC09242CBFACC700F41A32 /* EducaSwiftExerciseSearchTests */,
				67CC090B2CBED0D100F41A32 /* Products */,
			);
			sourceTree = "<group>";
		};
		67CC090B2CBED0D100F41A32 /* Products */ = {
			isa = PBXGroup;
			children = (
				67CC090A2CBED0D100F41A32 /* EducaSwiftExerciseSearch.app */,
				67CC09232CBFACC700F41A32 /* EducaSwiftExerciseSearchTests.xctest */,
			);
			name = Products;
			sourceTree = "<group>";
		};
		67CC090C2CBED0D100F41A32 /* EducaSwiftExerciseSearch */ = {
			isa = PBXGroup;
			children = (
				67CC090D2CBED0D100F41A32 /* EducaSwiftExerciseSearchApp.swift */,
				67CC090F2CBED0D100F41A32 /* ContentView.swift */,
				67CC091B2CBED0F000F41A32 /* SearchViewModel.swift */,
				67CC091D2CBED12B00F41A32 /* Item.swift */,
				67CC09112CBED0D300F41A32 /* Assets.xcassets */,
				67CC09132CBED0D300F41A32 /* Preview Content */,
			);
			path = EducaSwiftExerciseSearch;
			sourceTree = "<group>";
		};
		67CC09132CBED0D300F41A32 /* Preview Content */ = {
			isa = PBXGroup;
			children = (
				67CC09142CBED0D300F41A32 /* Preview Assets.xcassets */,
			);
			path = "Preview Content";
			sourceTree = "<group>";
		};
		67CC09242CBFACC700F41A32 /* EducaSwiftExerciseSearchTests */ = {
			isa = PBXGroup;
			children = (
				67CC09252CBFACC700F41A32 /* EducaSwiftExerciseSearchTests.swift */,
				67CC092C2CBFACD800F41A32 /* SearchViewModelTests.swift */,
			);
			path = EducaSwiftExerciseSearchTests;
			sourceTree = "<group>";
		};
/* End PBXGroup section */

/* Begin PBXNativeTarget section */
		67CC09092CBED0D100F41A32 /* EducaSwiftExerciseSearch */ = {
			isa = PBXNativeTarget;
			buildConfigurationList = 67CC09182CBED0D300F41A32 /* Build configuration list for PBXNativeTarget "EducaSwiftExerciseSearch" */;
			buildPhases = (
				67CC09062CBED0D100F41A32 /* Sources */,
				67CC09072CBED0D100F41A32 /* Frameworks */,
				67CC09082CBED0D100F41A32 /* Resources */,
			);
			buildRules = (
			);
			dependencies = (
			);
			name = EducaSwiftExerciseSearch;
			productName = EducaSwiftExerciseSearch;
			productReference = 67CC090A2CBED0D100F41A32 /* EducaSwiftExerciseSearch.app */;
			productType = "com.apple.product-type.application";
		};
		67CC09222CBFACC700F41A32 /* EducaSwiftExerciseSearchTests */ = {
			isa = PBXNativeTarget;
			buildConfigurationList = 67CC09292CBFACC700F41A32 /* Build configuration list for PBXNativeTarget "EducaSwiftExerciseSearchTests" */;
			buildPhases = (
				67CC091F2CBFACC700F41A32 /* Sources */,
				67CC09202CBFACC700F41A32 /* Frameworks */,
				67CC09212CBFACC700F41A32 /* Resources */,
			);
			buildRules = (
			);
			dependencies = (
				67CC09282CBFACC700F41A32 /* PBXTargetDependency */,
			);
			name = EducaSwiftExerciseSearchTests;
			productName = EducaSwiftExerciseSearchTests;
			productReference = 67CC09232CBFACC700F41A32 /* EducaSwiftExerciseSearchTests.xctest */;
			productType = "com.apple.product-type.bundle.unit-test";
		};
/* End PBXNativeTarget section */

/* Begin PBXProject section */
		67CC09022CBED0D100F41A32 /* Project object */ = {
			isa = PBXProject;
			attributes = {
				BuildIndependentTargetsInParallel = 1;
				LastSwiftUpdateCheck = 1540;
				LastUpgradeCheck = 1540;
				TargetAttributes = {
					67CC09092CBED0D100F41A32 = {
						CreatedOnToolsVersion = 15.4;
					};
					67CC09222CBFACC700F41A32 = {
						CreatedOnToolsVersion = 15.4;
						TestTargetID = 67CC09092CBED0D100F41A32;
					};
				};
			};
			buildConfigurationList = 67CC09052CBED0D100F41A32 /* Build configuration list for PBXProject "EducaSwiftExerciseSearch" */;
			compatibilityVersion = "Xcode 14.0";
			developmentRegion = en;
			hasScannedForEncodings = 0;
			knownRegions = (
				en,
				Base,
			);
			mainGroup = 67CC09012CBED0D100F41A32;
			productRefGroup = 67CC090B2CBED0D100F41A32 /* Products */;
			projectDirPath = "";
			projectRoot = "";
			targets = (
				67CC09092CBED0D100F41A32 /* EducaSwiftExerciseSearch */,
				67CC09222CBFACC700F41A32 /* EducaSwiftExerciseSearchTests */,
			);
		};
/* End PBXProject section */

/* Begin PBXResourcesBuildPhase section */
		67CC09082CBED0D100F41A32 /* Resources */ = {
			isa = PBXResourcesBuildPhase;
			buildActionMask = 2147483647;
			files = (
				67CC09152CBED0D300F41A32 /* Preview Assets.xcassets in Resources */,
				67CC09122CBED0D300F41A32 /* Assets.xcassets in Resources */,
			);
			runOnlyForDeploymentPostprocessing = 0;
		};
		67CC09212CBFACC700F41A32 /* Resources */ = {
			isa = PBXResourcesBuildPhase;
			buildActionMask = 2147483647;
			files = (
			);
			runOnlyForDeploymentPostprocessing = 0;
		};
/* End PBXResourcesBuildPhase section */

/* Begin PBXSourcesBuildPhase section */
		67CC09062CBED0D100F41A32 /* Sources */ = {
			isa = PBXSourcesBuildPhase;
			buildActionMask = 2147483647;
			files = (
				67CC091E2CBED12B00F41A32 /* Item.swift in Sources */,
				67CC091C2CBED0F000F41A32 /* SearchViewModel.swift in Sources */,
				67CC09102CBED0D100F41A32 /* ContentView.swift in Sources */,
				67CC090E2CBED0D100F41A32 /* EducaSwiftExerciseSearchApp.swift in Sources */,
			);
			runOnlyForDeploymentPostprocessing = 0;
		};
		67CC091F2CBFACC700F41A32 /* Sources */ = {
			isa = PBXSourcesBuildPhase;
			buildActionMask = 2147483647;
			files = (
				67CC092D2CBFACD800F41A32 /* SearchViewModelTests.swift in Sources */,
				67CC09262CBFACC700F41A32 /* EducaSwiftExerciseSearchTests.swift in Sources */,
			);
			runOnlyForDeploymentPostprocessing = 0;
		};
/* End PBXSourcesBuildPhase section */

/* Begin PBXTargetDependency section */
		67CC09282CBFACC700F41A32 /* PBXTargetDependency */ = {
			isa = PBXTargetDependency;
			target = 67CC09092CBED0D100F41A32 /* EducaSwiftExerciseSearch */;
			targetProxy = 67CC09272CBFACC700F41A32 /* PBXContainerItemProxy */;
		};
/* End PBXTargetDependency section */

/* Begin XCBuildConfiguration section */
		67CC09162CBED0D300F41A32 /* Debug */ = {
			isa = XCBuildConfiguration;
			buildSettings = {
				ALWAYS_SEARCH_USER_PATHS = NO;
				ASSETCATALOG_COMPILER_GENERATE_SWIFT_ASSET_SYMBOL_EXTENSIONS = YES;
				CLANG_ANALYZER_NONNULL = YES;
				CLANG_ANALYZER_NUMBER_OBJECT_CONVERSION = YES_AGGRESSIVE;
				CLANG_CXX_LANGUAGE_STANDARD = "gnu++20";
				CLANG_ENABLE_MODULES = YES;
				CLANG_ENABLE_OBJC_ARC = YES;
				CLANG_ENABLE_OBJC_WEAK = YES;
				CLANG_WARN_BLOCK_CAPTURE_AUTORELEASING = YES;
				CLANG_WARN_BOOL_CONVERSION = YES;
				CLANG_WARN_COMMA = YES;
				CLANG_WARN_CONSTANT_CONVERSION = YES;
				CLANG_WARN_DEPRECATED_OBJC_IMPLEMENTATIONS = YES;
				CLANG_WARN_DIRECT_OBJC_ISA_USAGE = YES_ERROR;
				CLANG_WARN_DOCUMENTATION_COMMENTS = YES;
				CLANG_WARN_EMPTY_BODY = YES;
				CLANG_WARN_ENUM_CONVERSION = YES;
				CLANG_WARN_INFINITE_RECURSION = YES;
				CLANG_WARN_INT_CONVERSION = YES;
				CLANG_WARN_NON_LITERAL_NULL_CONVERSION = YES;
				CLANG_WARN_OBJC_IMPLICIT_RETAIN_SELF = YES;
				CLANG_WARN_OBJC_LITERAL_CONVERSION = YES;
				CLANG_WARN_OBJC_ROOT_CLASS = YES_ERROR;
				CLANG_WARN_QUOTED_INCLUDE_IN_FRAMEWORK_HEADER = YES;
				CLANG_WARN_RANGE_LOOP_ANALYSIS = YES;
				CLANG_WARN_STRICT_PROTOTYPES = YES;
				CLANG_WARN_SUSPICIOUS_MOVE = YES;
				CLANG_WARN_UNGUARDED_AVAILABILITY = YES_AGGRESSIVE;
				CLANG_WARN_UNREACHABLE_CODE = YES;
				CLANG_WARN__DUPLICATE_METHOD_MATCH = YES;
				COPY_PHASE_STRIP = NO;
				DEBUG_INFORMATION_FORMAT = dwarf;
				ENABLE_STRICT_OBJC_MSGSEND = YES;
				ENABLE_TESTABILITY = YES;
				ENABLE_USER_SCRIPT_SANDBOXING = YES;
				GCC_C_LANGUAGE_STANDARD = gnu17;
				GCC_DYNAMIC_NO_PIC = NO;
				GCC_NO_COMMON_BLOCKS = YES;
				GCC_OPTIMIZATION_LEVEL = 0;
				GCC_PREPROCESSOR_DEFINITIONS = (
					"DEBUG=1",
					"$(inherited)",
				);
				GCC_WARN_64_TO_32_BIT_CONVERSION = YES;
				GCC_WARN_ABOUT_RETURN_TYPE = YES_ERROR;
				GCC_WARN_UNDECLARED_SELECTOR = YES;
				GCC_WARN_UNINITIALIZED_AUTOS = YES_AGGRESSIVE;
				GCC_WARN_UNUSED_FUNCTION = YES;
				GCC_WARN_UNUSED_VARIABLE = YES;
				IPHONEOS_DEPLOYMENT_TARGET = 17.5;
				LOCALIZATION_PREFERS_STRING_CATALOGS = YES;
				MTL_ENABLE_DEBUG_INFO = INCLUDE_SOURCE;
				MTL_FAST_MATH = YES;
				ONLY_ACTIVE_ARCH = YES;
				SDKROOT = iphoneos;
				SWIFT_ACTIVE_COMPILATION_CONDITIONS = "DEBUG $(inherited)";
				SWIFT_OPTIMIZATION_LEVEL = "-Onone";
			};
			name = Debug;
		};
		67CC09172CBED0D300F41A32 /* Release */ = {
			isa = XCBuildConfiguration;
			buildSettings = {
				ALWAYS_SEARCH_USER_PATHS = NO;
				ASSETCATALOG_COMPILER_GENERATE_SWIFT_ASSET_SYMBOL_EXTENSIONS = YES;
				CLANG_ANALYZER_NONNULL = YES;
				CLANG_ANALYZER_NUMBER_OBJECT_CONVERSION = YES_AGGRESSIVE;
				CLANG_CXX_LANGUAGE_STANDARD = "gnu++20";
				CLANG_ENABLE_MODULES = YES;
				CLANG_ENABLE_OBJC_ARC = YES;
				CLANG_ENABLE_OBJC_WEAK = YES;
				CLANG_WARN_BLOCK_CAPTURE_AUTORELEASING = YES;
				CLANG_WARN_BOOL_CONVERSION = YES;
				CLANG_WARN_COMMA = YES;
				CLANG_WARN_CONSTANT_CONVERSION = YES;
				CLANG_WARN_DEPRECATED_OBJC_IMPLEMENTATIONS = YES;
				CLANG_WARN_DIRECT_OBJC_ISA_USAGE = YES_ERROR;
				CLANG_WARN_DOCUMENTATION_COMMENTS = YES;
				CLANG_WARN_EMPTY_BODY = YES;
				CLANG_WARN_ENUM_CONVERSION = YES;
				CLANG_WARN_INFINITE_RECURSION = YES;
				CLANG_WARN_INT_CONVERSION = YES;
				CLANG_WARN_NON_LITERAL_NULL_CONVERSION = YES;
				CLANG_WARN_OBJC_IMPLICIT_RETAIN_SELF = YES;
				CLANG_WARN_OBJC_LITERAL_CONVERSION = YES;
				CLANG_WARN_OBJC_ROOT_CLASS = YES_ERROR;
				CLANG_WARN_QUOTED_INCLUDE_IN_FRAMEWORK_HEADER = YES;
				CLANG_WARN_RANGE_LOOP_ANALYSIS = YES;
				CLANG_WARN_STRICT_PROTOTYPES = YES;
				CLANG_WARN_SUSPICIOUS_MOVE = YES;
				CLANG_WARN_UNGUARDED_AVAILABILITY = YES_AGGRESSIVE;
				CLANG_WARN_UNREACHABLE_CODE = YES;
				CLANG_WARN__DUPLICATE_METHOD_MATCH = YES;
				COPY_PHASE_STRIP = NO;
				DEBUG_INFORMATION_FORMAT = "dwarf-with-dsym";
				ENABLE_NS_ASSERTIONS = NO;
				ENABLE_STRICT_OBJC_MSGSEND = YES;
				ENABLE_USER_SCRIPT_SANDBOXING = YES;
				GCC_C_LANGUAGE_STANDARD = gnu17;
				GCC_NO_COMMON_BLOCKS = YES;
				GCC_WARN_64_TO_32_BIT_CONVERSION = YES;
				GCC_WARN_ABOUT_RETURN_TYPE = YES_ERROR;
				GCC_WARN_UNDECLARED_SELECTOR = YES;
				GCC_WARN_UNINITIALIZED_AUTOS = YES_AGGRESSIVE;
				GCC_WARN_UNUSED_FUNCTION = YES;
				GCC_WARN_UNUSED_VARIABLE = YES;
				IPHONEOS_DEPLOYMENT_TARGET = 17.5;
				LOCALIZATION_PREFERS_STRING_CATALOGS = YES;
				MTL_ENABLE_DEBUG_INFO = NO;
				MTL_FAST_MATH = YES;
				SDKROOT = iphoneos;
				SWIFT_COMPILATION_MODE = wholemodule;
				VALIDATE_PRODUCT = YES;
			};
			name = Release;
		};
		67CC09192CBED0D300F41A32 /* Debug */ = {
			isa = XCBuildConfiguration;
			buildSettings = {
				ASSETCATALOG_COMPILER_APPICON_NAME = AppIcon;
				ASSETCATALOG_COMPILER_GLOBAL_ACCENT_COLOR_NAME = AccentColor;
				CODE_SIGN_STYLE = Automatic;
				CURRENT_PROJECT_VERSION = 1;
				DEVELOPMENT_ASSET_PATHS = "\"EducaSwiftExerciseSearch/Preview Content\"";
				ENABLE_PREVIEWS = YES;
				GENERATE_INFOPLIST_FILE = YES;
				INFOPLIST_KEY_UIApplicationSceneManifest_Generation = YES;
				INFOPLIST_KEY_UIApplicationSupportsIndirectInputEvents = YES;
				INFOPLIST_KEY_UILaunchScreen_Generation = YES;
				INFOPLIST_KEY_UISupportedInterfaceOrientations_iPad = "UIInterfaceOrientationPortrait UIInterfaceOrientationPortraitUpsideDown UIInterfaceOrientationLandscapeLeft UIInterfaceOrientationLandscapeRight";
				INFOPLIST_KEY_UISupportedInterfaceOrientations_iPhone = "UIInterfaceOrientationPortrait UIInterfaceOrientationLandscapeLeft UIInterfaceOrientationLandscapeRight";
				LD_RUNPATH_SEARCH_PATHS = (
					"$(inherited)",
					"@executable_path/Frameworks",
				);
				MARKETING_VERSION = 1.0;
				PRODUCT_BUNDLE_IDENTIFIER = com.jamlet.EducaSwiftExerciseSearch;
				PRODUCT_NAME = "$(TARGET_NAME)";
				SWIFT_EMIT_LOC_STRINGS = YES;
				SWIFT_VERSION = 5.0;
				TARGETED_DEVICE_FAMILY = "1,2";
			};
			name = Debug;
		};
		67CC091A2CBED0D300F41A32 /* Release */ = {
			isa = XCBuildConfiguration;
			buildSettings = {
				ASSETCATALOG_COMPILER_APPICON_NAME = AppIcon;
				ASSETCATALOG_COMPILER_GLOBAL_ACCENT_COLOR_NAME = AccentColor;
				CODE_SIGN_STYLE = Automatic;
				CURRENT_PROJECT_VERSION = 1;
				DEVELOPMENT_ASSET_PATHS = "\"EducaSwiftExerciseSearch/Preview Content\"";
				ENABLE_PREVIEWS = YES;
				GENERATE_INFOPLIST_FILE = YES;
				INFOPLIST_KEY_UIApplicationSceneManifest_Generation = YES;
				INFOPLIST_KEY_UIApplicationSupportsIndirectInputEvents = YES;
				INFOPLIST_KEY_UILaunchScreen_Generation = YES;
				INFOPLIST_KEY_UISupportedInterfaceOrientations_iPad = "UIInterfaceOrientationPortrait UIInterfaceOrientationPortraitUpsideDown UIInterfaceOrientationLandscapeLeft UIInterfaceOrientationLandscapeRight";
				INFOPLIST_KEY_UISupportedInterfaceOrientations_iPhone = "UIInterfaceOrientationPortrait UIInterfaceOrientationLandscapeLeft UIInterfaceOrientationLandscapeRight";
				LD_RUNPATH_SEARCH_PATHS = (
					"$(inherited)",
					"@executable_path/Frameworks",
				);
				MARKETING_VERSION = 1.0;
				PRODUCT_BUNDLE_IDENTIFIER = com.jamlet.EducaSwiftExerciseSearch;
				PRODUCT_NAME = "$(TARGET_NAME)";
				SWIFT_EMIT_LOC_STRINGS = YES;
				SWIFT_VERSION = 5.0;
				TARGETED_DEVICE_FAMILY = "1,2";
			};
			name = Release;
		};
		67CC092A2CBFACC700F41A32 /* Debug */ = {
			isa = XCBuildConfiguration;
			buildSettings = {
				BUNDLE_LOADER = "$(TEST_HOST)";
				CODE_SIGN_STYLE = Automatic;
				CURRENT_PROJECT_VERSION = 1;
				GENERATE_INFOPLIST_FILE = YES;
				MARKETING_VERSION = 1.0;
				PRODUCT_BUNDLE_IDENTIFIER = com.jamlet.EducaSwiftExerciseSearchTests;
				PRODUCT_NAME = "$(TARGET_NAME)";
				SWIFT_EMIT_LOC_STRINGS = NO;
				SWIFT_VERSION = 5.0;
				TARGETED_DEVICE_FAMILY = "1,2";
				TEST_HOST = "$(BUILT_PRODUCTS_DIR)/EducaSwiftExerciseSearch.app/$(BUNDLE_EXECUTABLE_FOLDER_PATH)/EducaSwiftExerciseSearch";
			};
			name = Debug;
		};
		67CC092B2CBFACC700F41A32 /* Release */ = {
			isa = XCBuildConfiguration;
			buildSettings = {
				BUNDLE_LOADER = "$(TEST_HOST)";
				CODE_SIGN_STYLE = Automatic;
				CURRENT_PROJECT_VERSION = 1;
				GENERATE_INFOPLIST_FILE = YES;
				MARKETING_VERSION = 1.0;
				PRODUCT_BUNDLE_IDENTIFIER = com.jamlet.EducaSwiftExerciseSearchTests;
				PRODUCT_NAME = "$(TARGET_NAME)";
				SWIFT_EMIT_LOC_STRINGS = NO;
				SWIFT_VERSION = 5.0;
				TARGETED_DEVICE_FAMILY = "1,2";
				TEST_HOST = "$(BUILT_PRODUCTS_DIR)/EducaSwiftExerciseSearch.app/$(BUNDLE_EXECUTABLE_FOLDER_PATH)/EducaSwiftExerciseSearch";
			};
			name = Release;
		};
/* End XCBuildConfiguration section */

/* Begin XCConfigurationList section */
		67CC09052CBED0D100F41A32 /* Build configuration list for PBXProject "EducaSwiftExerciseSearch" */ = {
			isa = XCConfigurationList;
			buildConfigurations = (
				67CC09162CBED0D300F41A32 /* Debug */,
				67CC09172CBED0D300F41A32 /* Release */,
			);
			defaultConfigurationIsVisible = 0;
			defaultConfigurationName = Release;
		};
		67CC09182CBED0D300F41A32 /* Build configuration list for PBXNativeTarget "EducaSwiftExerciseSearch" */ = {
			isa = XCConfigurationList;
			buildConfigurations = (
				67CC09192CBED0D300F41A32 /* Debug */,
				67CC091A2CBED0D300F41A32 /* Release */,
			);
			defaultConfigurationIsVisible = 0;
			defaultConfigurationName = Release;
		};
		67CC09292CBFACC700F41A32 /* Build configuration list for PBXNativeTarget "EducaSwiftExerciseSearchTests" */ = {
			isa = XCConfigurationList;
			buildConfigurations = (
				67CC092A2CBFACC700F41A32 /* Debug */,
				67CC092B2CBFACC700F41A32 /* Release */,
			);
			defaultConfigurationIsVisible = 0;
			defaultConfigurationName = Release;
		};
/* End XCConfigurationList section */
	};
	rootObject = 67CC09022CBED0D100F41A32 /* Project object */;
}
