// !$*UTF8*$!
{
	archiveVersion = 1;
	classes = {
	};
	objectVersion = 77;
	objects = {

/* Begin PBXBuildFile section */
		675F0B382D1DA02300FFAB61 /* ComposableArchitecture in Frameworks */ = {isa = PBXBuildFile; productRef = 675F0B372D1DA02300FFAB61 /* ComposableArchitecture */; };
		675F0B3A2D1DA06700FFAB61 /* ComposableArchitecture in Frameworks */ = {isa = PBXBuildFile; productRef = 675F0B392D1DA06700FFAB61 /* ComposableArchitecture */; };
/* End PBXBuildFile section */

/* Begin PBXContainerItemProxy section */
		675F0B5F2D22B6A800FFAB61 /* PBXContainerItemProxy */ = {
			isa = PBXContainerItemProxy;
			containerPortal = 675F0AF92D1D9F9A00FFAB61 /* Project object */;
			proxyType = 1;
			remoteGlobalIDString = 675F0B152D1D9FD800FFAB61;
			remoteInfo = TCATreeBasedNavigation;
		};
		675F0B6E2D22BBCB00FFAB61 /* PBXContainerItemProxy */ = {
			isa = PBXContainerItemProxy;
			containerPortal = 675F0AF92D1D9F9A00FFAB61 /* Project object */;
			proxyType = 1;
			remoteGlobalIDString = 675F0B272D1D9FEA00FFAB61;
			remoteInfo = TCAStackBasedNavigation;
		};
/* End PBXContainerItemProxy section */

/* Begin PBXFileReference section */
		675F0B162D1D9FD800FFAB61 /* TCATreeBasedNavigation.app */ = {isa = PBXFileReference; explicitFileType = wrapper.application; includeInIndex = 0; path = TCATreeBasedNavigation.app; sourceTree = BUILT_PRODUCTS_DIR; };
		675F0B282D1D9FEA00FFAB61 /* TCAStackBasedNavigation.app */ = {isa = PBXFileReference; explicitFileType = wrapper.application; includeInIndex = 0; path = TCAStackBasedNavigation.app; sourceTree = BUILT_PRODUCTS_DIR; };
		675F0B5B2D22B6A800FFAB61 /* TCATreeBasedNavigationTests.xctest */ = {isa = PBXFileReference; explicitFileType = wrapper.cfbundle; includeInIndex = 0; path = TCATreeBasedNavigationTests.xctest; sourceTree = BUILT_PRODUCTS_DIR; };
		675F0B6A2D22BBCB00FFAB61 /* TCAStackBasedNavigationTests.xctest */ = {isa = PBXFileReference; explicitFileType = wrapper.cfbundle; includeInIndex = 0; path = TCAStackBasedNavigationTests.xctest; sourceTree = BUILT_PRODUCTS_DIR; };
/* End PBXFileReference section */

/* Begin PBXFileSystemSynchronizedRootGroup section */
		675F0B172D1D9FD800FFAB61 /* TCATreeBasedNavigation */ = {
			isa = PBXFileSystemSynchronizedRootGroup;
			path = TCATreeBasedNavigation;
			sourceTree = "<group>";
		};
		675F0B292D1D9FEA00FFAB61 /* TCAStackBasedNavigation */ = {
			isa = PBXFileSystemSynchronizedRootGroup;
			path = TCAStackBasedNavigation;
			sourceTree = "<group>";
		};
		675F0B5C2D22B6A800FFAB61 /* TCATreeBasedNavigationTests */ = {
			isa = PBXFileSystemSynchronizedRootGroup;
			path = TCATreeBasedNavigationTests;
			sourceTree = "<group>";
		};
		675F0B6B2D22BBCB00FFAB61 /* TCAStackBasedNavigationTests */ = {
			isa = PBXFileSystemSynchronizedRootGroup;
			path = TCAStackBasedNavigationTests;
			sourceTree = "<group>";
		};
/* End PBXFileSystemSynchronizedRootGroup section */

/* Begin PBXFrameworksBuildPhase section */
		675F0B132D1D9FD800FFAB61 /* Frameworks */ = {
			isa = PBXFrameworksBuildPhase;
			buildActionMask = 2147483647;
			files = (
				675F0B382D1DA02300FFAB61 /* ComposableArchitecture in Frameworks */,
			);
			runOnlyForDeploymentPostprocessing = 0;
		};
		675F0B252D1D9FEA00FFAB61 /* Frameworks */ = {
			isa = PBXFrameworksBuildPhase;
			buildActionMask = 2147483647;
			files = (
				675F0B3A2D1DA06700FFAB61 /* ComposableArchitecture in Frameworks */,
			);
			runOnlyForDeploymentPostprocessing = 0;
		};
		675F0B582D22B6A800FFAB61 /* Frameworks */ = {
			isa = PBXFrameworksBuildPhase;
			buildActionMask = 2147483647;
			files = (
			);
			runOnlyForDeploymentPostprocessing = 0;
		};
		675F0B672D22BBCB00FFAB61 /* Frameworks */ = {
			isa = PBXFrameworksBuildPhase;
			buildActionMask = 2147483647;
			files = (
			);
			runOnlyForDeploymentPostprocessing = 0;
		};
/* End PBXFrameworksBuildPhase section */

/* Begin PBXGroup section */
		675F0AF82D1D9F9A00FFAB61 = {
			isa = PBXGroup;
			children = (
				675F0B172D1D9FD800FFAB61 /* TCATreeBasedNavigation */,
				675F0B292D1D9FEA00FFAB61 /* TCAStackBasedNavigation */,
				675F0B5C2D22B6A800FFAB61 /* TCATreeBasedNavigationTests */,
				675F0B6B2D22BBCB00FFAB61 /* TCAStackBasedNavigationTests */,
				675F0B022D1D9F9A00FFAB61 /* Products */,
			);
			sourceTree = "<group>";
		};
		675F0B022D1D9F9A00FFAB61 /* Products */ = {
			isa = PBXGroup;
			children = (
				675F0B162D1D9FD800FFAB61 /* TCATreeBasedNavigation.app */,
				675F0B282D1D9FEA00FFAB61 /* TCAStackBasedNavigation.app */,
				675F0B5B2D22B6A800FFAB61 /* TCATreeBasedNavigationTests.xctest */,
				675F0B6A2D22BBCB00FFAB61 /* TCAStackBasedNavigationTests.xctest */,
			);
			name = Products;
			sourceTree = "<group>";
		};
/* End PBXGroup section */

/* Begin PBXNativeTarget section */
		675F0B152D1D9FD800FFAB61 /* TCATreeBasedNavigation */ = {
			isa = PBXNativeTarget;
			buildConfigurationList = 675F0B212D1D9FDA00FFAB61 /* Build configuration list for PBXNativeTarget "TCATreeBasedNavigation" */;
			buildPhases = (
				675F0B122D1D9FD800FFAB61 /* Sources */,
				675F0B132D1D9FD800FFAB61 /* Frameworks */,
				675F0B142D1D9FD800FFAB61 /* Resources */,
			);
			buildRules = (
			);
			dependencies = (
			);
			fileSystemSynchronizedGroups = (
				675F0B172D1D9FD800FFAB61 /* TCATreeBasedNavigation */,
			);
			name = TCATreeBasedNavigation;
			packageProductDependencies = (
				675F0B372D1DA02300FFAB61 /* ComposableArchitecture */,
			);
			productName = TCATreeBasedNavigation;
			productReference = 675F0B162D1D9FD800FFAB61 /* TCATreeBasedNavigation.app */;
			productType = "com.apple.product-type.application";
		};
		675F0B272D1D9FEA00FFAB61 /* TCAStackBasedNavigation */ = {
			isa = PBXNativeTarget;
			buildConfigurationList = 675F0B332D1D9FEA00FFAB61 /* Build configuration list for PBXNativeTarget "TCAStackBasedNavigation" */;
			buildPhases = (
				675F0B242D1D9FEA00FFAB61 /* Sources */,
				675F0B252D1D9FEA00FFAB61 /* Frameworks */,
				675F0B262D1D9FEA00FFAB61 /* Resources */,
			);
			buildRules = (
			);
			dependencies = (
			);
			fileSystemSynchronizedGroups = (
				675F0B292D1D9FEA00FFAB61 /* TCAStackBasedNavigation */,
			);
			name = TCAStackBasedNavigation;
			packageProductDependencies = (
				675F0B392D1DA06700FFAB61 /* ComposableArchitecture */,
			);
			productName = TCAStackBasedNavigation;
			productReference = 675F0B282D1D9FEA00FFAB61 /* TCAStackBasedNavigation.app */;
			productType = "com.apple.product-type.application";
		};
		675F0B5A2D22B6A800FFAB61 /* TCATreeBasedNavigationTests */ = {
			isa = PBXNativeTarget;
			buildConfigurationList = 675F0B612D22B6A800FFAB61 /* Build configuration list for PBXNativeTarget "TCATreeBasedNavigationTests" */;
			buildPhases = (
				675F0B572D22B6A800FFAB61 /* Sources */,
				675F0B582D22B6A800FFAB61 /* Frameworks */,
				675F0B592D22B6A800FFAB61 /* Resources */,
			);
			buildRules = (
			);
			dependencies = (
				675F0B602D22B6A800FFAB61 /* PBXTargetDependency */,
			);
			fileSystemSynchronizedGroups = (
				675F0B5C2D22B6A800FFAB61 /* TCATreeBasedNavigationTests */,
			);
			name = TCATreeBasedNavigationTests;
			packageProductDependencies = (
			);
			productName = TCATreeBasedNavigationTests;
			productReference = 675F0B5B2D22B6A800FFAB61 /* TCATreeBasedNavigationTests.xctest */;
			productType = "com.apple.product-type.bundle.unit-test";
		};
		675F0B692D22BBCB00FFAB61 /* TCAStackBasedNavigationTests */ = {
			isa = PBXNativeTarget;
			buildConfigurationList = 675F0B702D22BBCB00FFAB61 /* Build configuration list for PBXNativeTarget "TCAStackBasedNavigationTests" */;
			buildPhases = (
				675F0B662D22BBCB00FFAB61 /* Sources */,
				675F0B672D22BBCB00FFAB61 /* Frameworks */,
				675F0B682D22BBCB00FFAB61 /* Resources */,
			);
			buildRules = (
			);
			dependencies = (
				675F0B6F2D22BBCB00FFAB61 /* PBXTargetDependency */,
			);
			fileSystemSynchronizedGroups = (
				675F0B6B2D22BBCB00FFAB61 /* TCAStackBasedNavigationTests */,
			);
			name = TCAStackBasedNavigationTests;
			packageProductDependencies = (
			);
			productName = TCAStackBasedNavigationTests;
			productReference = 675F0B6A2D22BBCB00FFAB61 /* TCAStackBasedNavigationTests.xctest */;
			productType = "com.apple.product-type.bundle.unit-test";
		};
/* End PBXNativeTarget section */

/* Begin PBXProject section */
		675F0AF92D1D9F9A00FFAB61 /* Project object */ = {
			isa = PBXProject;
			attributes = {
				BuildIndependentTargetsInParallel = 1;
				LastSwiftUpdateCheck = 1600;
				LastUpgradeCheck = 1600;
				TargetAttributes = {
					675F0B152D1D9FD800FFAB61 = {
						CreatedOnToolsVersion = 16.0;
					};
					675F0B272D1D9FEA00FFAB61 = {
						CreatedOnToolsVersion = 16.0;
					};
					675F0B5A2D22B6A800FFAB61 = {
						CreatedOnToolsVersion = 16.0;
						TestTargetID = 675F0B152D1D9FD800FFAB61;
					};
					675F0B692D22BBCB00FFAB61 = {
						CreatedOnToolsVersion = 16.0;
						TestTargetID = 675F0B272D1D9FEA00FFAB61;
					};
				};
			};
			buildConfigurationList = 675F0AFC2D1D9F9A00FFAB61 /* Build configuration list for PBXProject "EducaSwiftTCANavigation" */;
			developmentRegion = en;
			hasScannedForEncodings = 0;
			knownRegions = (
				en,
				Base,
			);
			mainGroup = 675F0AF82D1D9F9A00FFAB61;
			minimizedProjectReferenceProxies = 1;
			packageReferences = (
				675F0B362D1DA02300FFAB61 /* XCRemoteSwiftPackageReference "swift-composable-architecture" */,
			);
			preferredProjectObjectVersion = 77;
			productRefGroup = 675F0B022D1D9F9A00FFAB61 /* Products */;
			projectDirPath = "";
			projectRoot = "";
			targets = (
				675F0B152D1D9FD800FFAB61 /* TCATreeBasedNavigation */,
				675F0B272D1D9FEA00FFAB61 /* TCAStackBasedNavigation */,
				675F0B5A2D22B6A800FFAB61 /* TCATreeBasedNavigationTests */,
				675F0B692D22BBCB00FFAB61 /* TCAStackBasedNavigationTests */,
			);
		};
/* End PBXProject section */

/* Begin PBXResourcesBuildPhase section */
		675F0B142D1D9FD800FFAB61 /* Resources */ = {
			isa = PBXResourcesBuildPhase;
			buildActionMask = 2147483647;
			files = (
			);
			runOnlyForDeploymentPostprocessing = 0;
		};
		675F0B262D1D9FEA00FFAB61 /* Resources */ = {
			isa = PBXResourcesBuildPhase;
			buildActionMask = 2147483647;
			files = (
			);
			runOnlyForDeploymentPostprocessing = 0;
		};
		675F0B592D22B6A800FFAB61 /* Resources */ = {
			isa = PBXResourcesBuildPhase;
			buildActionMask = 2147483647;
			files = (
			);
			runOnlyForDeploymentPostprocessing = 0;
		};
		675F0B682D22BBCB00FFAB61 /* Resources */ = {
			isa = PBXResourcesBuildPhase;
			buildActionMask = 2147483647;
			files = (
			);
			runOnlyForDeploymentPostprocessing = 0;
		};
/* End PBXResourcesBuildPhase section */

/* Begin PBXSourcesBuildPhase section */
		675F0B122D1D9FD800FFAB61 /* Sources */ = {
			isa = PBXSourcesBuildPhase;
			buildActionMask = 2147483647;
			files = (
			);
			runOnlyForDeploymentPostprocessing = 0;
		};
		675F0B242D1D9FEA00FFAB61 /* Sources */ = {
			isa = PBXSourcesBuildPhase;
			buildActionMask = 2147483647;
			files = (
			);
			runOnlyForDeploymentPostprocessing = 0;
		};
		675F0B572D22B6A800FFAB61 /* Sources */ = {
			isa = PBXSourcesBuildPhase;
			buildActionMask = 2147483647;
			files = (
			);
			runOnlyForDeploymentPostprocessing = 0;
		};
		675F0B662D22BBCB00FFAB61 /* Sources */ = {
			isa = PBXSourcesBuildPhase;
			buildActionMask = 2147483647;
			files = (
			);
			runOnlyForDeploymentPostprocessing = 0;
		};
/* End PBXSourcesBuildPhase section */

/* Begin PBXTargetDependency section */
		675F0B602D22B6A800FFAB61 /* PBXTargetDependency */ = {
			isa = PBXTargetDependency;
			target = 675F0B152D1D9FD800FFAB61 /* TCATreeBasedNavigation */;
			targetProxy = 675F0B5F2D22B6A800FFAB61 /* PBXContainerItemProxy */;
		};
		675F0B6F2D22BBCB00FFAB61 /* PBXTargetDependency */ = {
			isa = PBXTargetDependency;
			target = 675F0B272D1D9FEA00FFAB61 /* TCAStackBasedNavigation */;
			targetProxy = 675F0B6E2D22BBCB00FFAB61 /* PBXContainerItemProxy */;
		};
/* End PBXTargetDependency section */

/* Begin XCBuildConfiguration section */
		675F0B0D2D1D9F9B00FFAB61 /* Debug */ = {
			isa = XCBuildConfiguration;
			buildSettings = {
				ALWAYS_SEARCH_USER_PATHS = NO;
				ASSETCATALOG_COMPILER_GENERATE_SWIFT_ASSET_SYMBOL_EXTENSIONS = YES;
				CLANG_ANALYZER_NONNULL = YES;
				CLANG_ANALYZER_NUMBER_OBJECT_CONVERSION = YES_AGGRESSIVE;
				CLANG_CXX_LANGUAGE_STANDARD = "gnu++20";
				CLANG_ENABLE_MODULES = YES;
				CLANG_ENABLE_OBJC_ARC = YES;
				CLANG_ENABLE_OBJC_WEAK = YES;
				CLANG_WARN_BLOCK_CAPTURE_AUTORELEASING = YES;
				CLANG_WARN_BOOL_CONVERSION = YES;
				CLANG_WARN_COMMA = YES;
				CLANG_WARN_CONSTANT_CONVERSION = YES;
				CLANG_WARN_DEPRECATED_OBJC_IMPLEMENTATIONS = YES;
				CLANG_WARN_DIRECT_OBJC_ISA_USAGE = YES_ERROR;
				CLANG_WARN_DOCUMENTATION_COMMENTS = YES;
				CLANG_WARN_EMPTY_BODY = YES;
				CLANG_WARN_ENUM_CONVERSION = YES;
				CLANG_WARN_INFINITE_RECURSION = YES;
				CLANG_WARN_INT_CONVERSION = YES;
				CLANG_WARN_NON_LITERAL_NULL_CONVERSION = YES;
				CLANG_WARN_OBJC_IMPLICIT_RETAIN_SELF = YES;
				CLANG_WARN_OBJC_LITERAL_CONVERSION = YES;
				CLANG_WARN_OBJC_ROOT_CLASS = YES_ERROR;
				CLANG_WARN_QUOTED_INCLUDE_IN_FRAMEWORK_HEADER = YES;
				CLANG_WARN_RANGE_LOOP_ANALYSIS = YES;
				CLANG_WARN_STRICT_PROTOTYPES = YES;
				CLANG_WARN_SUSPICIOUS_MOVE = YES;
				CLANG_WARN_UNGUARDED_AVAILABILITY = YES_AGGRESSIVE;
				CLANG_WARN_UNREACHABLE_CODE = YES;
				CLANG_WARN__DUPLICATE_METHOD_MATCH = YES;
				COPY_PHASE_STRIP = NO;
				DEBUG_INFORMATION_FORMAT = dwarf;
				ENABLE_STRICT_OBJC_MSGSEND = YES;
				ENABLE_TESTABILITY = YES;
				ENABLE_USER_SCRIPT_SANDBOXING = YES;
				GCC_C_LANGUAGE_STANDARD = gnu17;
				GCC_DYNAMIC_NO_PIC = NO;
				GCC_NO_COMMON_BLOCKS = YES;
				GCC_OPTIMIZATION_LEVEL = 0;
				GCC_PREPROCESSOR_DEFINITIONS = (
					"DEBUG=1",
					"$(inherited)",
				);
				GCC_WARN_64_TO_32_BIT_CONVERSION = YES;
				GCC_WARN_ABOUT_RETURN_TYPE = YES_ERROR;
				GCC_WARN_UNDECLARED_SELECTOR = YES;
				GCC_WARN_UNINITIALIZED_AUTOS = YES_AGGRESSIVE;
				GCC_WARN_UNUSED_FUNCTION = YES;
				GCC_WARN_UNUSED_VARIABLE = YES;
				IPHONEOS_DEPLOYMENT_TARGET = 18.0;
				LOCALIZATION_PREFERS_STRING_CATALOGS = YES;
				MTL_ENABLE_DEBUG_INFO = INCLUDE_SOURCE;
				MTL_FAST_MATH = YES;
				ONLY_ACTIVE_ARCH = YES;
				SDKROOT = iphoneos;
				SWIFT_ACTIVE_COMPILATION_CONDITIONS = "DEBUG $(inherited)";
				SWIFT_OPTIMIZATION_LEVEL = "-Onone";
			};
			name = Debug;
		};
		675F0B0E2D1D9F9B00FFAB61 /* Release */ = {
			isa = XCBuildConfiguration;
			buildSettings = {
				ALWAYS_SEARCH_USER_PATHS = NO;
				ASSETCATALOG_COMPILER_GENERATE_SWIFT_ASSET_SYMBOL_EXTENSIONS = YES;
				CLANG_ANALYZER_NONNULL = YES;
				CLANG_ANALYZER_NUMBER_OBJECT_CONVERSION = YES_AGGRESSIVE;
				CLANG_CXX_LANGUAGE_STANDARD = "gnu++20";
				CLANG_ENABLE_MODULES = YES;
				CLANG_ENABLE_OBJC_ARC = YES;
				CLANG_ENABLE_OBJC_WEAK = YES;
				CLANG_WARN_BLOCK_CAPTURE_AUTORELEASING = YES;
				CLANG_WARN_BOOL_CONVERSION = YES;
				CLANG_WARN_COMMA = YES;
				CLANG_WARN_CONSTANT_CONVERSION = YES;
				CLANG_WARN_DEPRECATED_OBJC_IMPLEMENTATIONS = YES;
				CLANG_WARN_DIRECT_OBJC_ISA_USAGE = YES_ERROR;
				CLANG_WARN_DOCUMENTATION_COMMENTS = YES;
				CLANG_WARN_EMPTY_BODY = YES;
				CLANG_WARN_ENUM_CONVERSION = YES;
				CLANG_WARN_INFINITE_RECURSION = YES;
				CLANG_WARN_INT_CONVERSION = YES;
				CLANG_WARN_NON_LITERAL_NULL_CONVERSION = YES;
				CLANG_WARN_OBJC_IMPLICIT_RETAIN_SELF = YES;
				CLANG_WARN_OBJC_LITERAL_CONVERSION = YES;
				CLANG_WARN_OBJC_ROOT_CLASS = YES_ERROR;
				CLANG_WARN_QUOTED_INCLUDE_IN_FRAMEWORK_HEADER = YES;
				CLANG_WARN_RANGE_LOOP_ANALYSIS = YES;
				CLANG_WARN_STRICT_PROTOTYPES = YES;
				CLANG_WARN_SUSPICIOUS_MOVE = YES;
				CLANG_WARN_UNGUARDED_AVAILABILITY = YES_AGGRESSIVE;
				CLANG_WARN_UNREACHABLE_CODE = YES;
				CLANG_WARN__DUPLICATE_METHOD_MATCH = YES;
				COPY_PHASE_STRIP = NO;
				DEBUG_INFORMATION_FORMAT = "dwarf-with-dsym";
				ENABLE_NS_ASSERTIONS = NO;
				ENABLE_STRICT_OBJC_MSGSEND = YES;
				ENABLE_USER_SCRIPT_SANDBOXING = YES;
				GCC_C_LANGUAGE_STANDARD = gnu17;
				GCC_NO_COMMON_BLOCKS = YES;
				GCC_WARN_64_TO_32_BIT_CONVERSION = YES;
				GCC_WARN_ABOUT_RETURN_TYPE = YES_ERROR;
				GCC_WARN_UNDECLARED_SELECTOR = YES;
				GCC_WARN_UNINITIALIZED_AUTOS = YES_AGGRESSIVE;
				GCC_WARN_UNUSED_FUNCTION = YES;
				GCC_WARN_UNUSED_VARIABLE = YES;
				IPHONEOS_DEPLOYMENT_TARGET = 18.0;
				LOCALIZATION_PREFERS_STRING_CATALOGS = YES;
				MTL_ENABLE_DEBUG_INFO = NO;
				MTL_FAST_MATH = YES;
				SDKROOT = iphoneos;
				SWIFT_COMPILATION_MODE = wholemodule;
				VALIDATE_PRODUCT = YES;
			};
			name = Release;
		};
		675F0B222D1D9FDA00FFAB61 /* Debug */ = {
			isa = XCBuildConfiguration;
			buildSettings = {
				ASSETCATALOG_COMPILER_APPICON_NAME = AppIcon;
				ASSETCATALOG_COMPILER_GLOBAL_ACCENT_COLOR_NAME = AccentColor;
				CODE_SIGN_STYLE = Automatic;
				CURRENT_PROJECT_VERSION = 1;
				DEVELOPMENT_ASSET_PATHS = "\"TCATreeBasedNavigation/Preview Content\"";
				ENABLE_PREVIEWS = YES;
				GENERATE_INFOPLIST_FILE = YES;
				INFOPLIST_KEY_UIApplicationSceneManifest_Generation = YES;
				INFOPLIST_KEY_UIApplicationSupportsIndirectInputEvents = YES;
				INFOPLIST_KEY_UILaunchScreen_Generation = YES;
				INFOPLIST_KEY_UISupportedInterfaceOrientations_iPad = "UIInterfaceOrientationPortrait UIInterfaceOrientationPortraitUpsideDown UIInterfaceOrientationLandscapeLeft UIInterfaceOrientationLandscapeRight";
				INFOPLIST_KEY_UISupportedInterfaceOrientations_iPhone = "UIInterfaceOrientationPortrait UIInterfaceOrientationLandscapeLeft UIInterfaceOrientationLandscapeRight";
				LD_RUNPATH_SEARCH_PATHS = (
					"$(inherited)",
					"@executable_path/Frameworks",
				);
				MARKETING_VERSION = 1.0;
				PRODUCT_BUNDLE_IDENTIFIER = com.educaswift.TCATreeBasedNavigation;
				PRODUCT_NAME = "$(TARGET_NAME)";
				SWIFT_EMIT_LOC_STRINGS = YES;
				SWIFT_VERSION = 5.0;
				TARGETED_DEVICE_FAMILY = "1,2";
			};
			name = Debug;
		};
		675F0B232D1D9FDA00FFAB61 /* Release */ = {
			isa = XCBuildConfiguration;
			buildSettings = {
				ASSETCATALOG_COMPILER_APPICON_NAME = AppIcon;
				ASSETCATALOG_COMPILER_GLOBAL_ACCENT_COLOR_NAME = AccentColor;
				CODE_SIGN_STYLE = Automatic;
				CURRENT_PROJECT_VERSION = 1;
				DEVELOPMENT_ASSET_PATHS = "\"TCATreeBasedNavigation/Preview Content\"";
				ENABLE_PREVIEWS = YES;
				GENERATE_INFOPLIST_FILE = YES;
				INFOPLIST_KEY_UIApplicationSceneManifest_Generation = YES;
				INFOPLIST_KEY_UIApplicationSupportsIndirectInputEvents = YES;
				INFOPLIST_KEY_UILaunchScreen_Generation = YES;
				INFOPLIST_KEY_UISupportedInterfaceOrientations_iPad = "UIInterfaceOrientationPortrait UIInterfaceOrientationPortraitUpsideDown UIInterfaceOrientationLandscapeLeft UIInterfaceOrientationLandscapeRight";
				INFOPLIST_KEY_UISupportedInterfaceOrientations_iPhone = "UIInterfaceOrientationPortrait UIInterfaceOrientationLandscapeLeft UIInterfaceOrientationLandscapeRight";
				LD_RUNPATH_SEARCH_PATHS = (
					"$(inherited)",
					"@executable_path/Frameworks",
				);
				MARKETING_VERSION = 1.0;
				PRODUCT_BUNDLE_IDENTIFIER = com.educaswift.TCATreeBasedNavigation;
				PRODUCT_NAME = "$(TARGET_NAME)";
				SWIFT_EMIT_LOC_STRINGS = YES;
				SWIFT_VERSION = 5.0;
				TARGETED_DEVICE_FAMILY = "1,2";
			};
			name = Release;
		};
		675F0B342D1D9FEA00FFAB61 /* Debug */ = {
			isa = XCBuildConfiguration;
			buildSettings = {
				ASSETCATALOG_COMPILER_APPICON_NAME = AppIcon;
				ASSETCATALOG_COMPILER_GLOBAL_ACCENT_COLOR_NAME = AccentColor;
				CODE_SIGN_STYLE = Automatic;
				CURRENT_PROJECT_VERSION = 1;
				DEVELOPMENT_ASSET_PATHS = "\"TCAStackBasedNavigation/Preview Content\"";
				ENABLE_PREVIEWS = YES;
				GENERATE_INFOPLIST_FILE = YES;
				INFOPLIST_KEY_UIApplicationSceneManifest_Generation = YES;
				INFOPLIST_KEY_UIApplicationSupportsIndirectInputEvents = YES;
				INFOPLIST_KEY_UILaunchScreen_Generation = YES;
				INFOPLIST_KEY_UISupportedInterfaceOrientations_iPad = "UIInterfaceOrientationPortrait UIInterfaceOrientationPortraitUpsideDown UIInterfaceOrientationLandscapeLeft UIInterfaceOrientationLandscapeRight";
				INFOPLIST_KEY_UISupportedInterfaceOrientations_iPhone = "UIInterfaceOrientationPortrait UIInterfaceOrientationLandscapeLeft UIInterfaceOrientationLandscapeRight";
				LD_RUNPATH_SEARCH_PATHS = (
					"$(inherited)",
					"@executable_path/Frameworks",
				);
				MARKETING_VERSION = 1.0;
				PRODUCT_BUNDLE_IDENTIFIER = com.educaswift.TCAStackBasedNavigation;
				PRODUCT_NAME = "$(TARGET_NAME)";
				SWIFT_EMIT_LOC_STRINGS = YES;
				SWIFT_VERSION = 5.0;
				TARGETED_DEVICE_FAMILY = "1,2";
			};
			name = Debug;
		};
		675F0B352D1D9FEA00FFAB61 /* Release */ = {
			isa = XCBuildConfiguration;
			buildSettings = {
				ASSETCATALOG_COMPILER_APPICON_NAME = AppIcon;
				ASSETCATALOG_COMPILER_GLOBAL_ACCENT_COLOR_NAME = AccentColor;
				CODE_SIGN_STYLE = Automatic;
				CURRENT_PROJECT_VERSION = 1;
				DEVELOPMENT_ASSET_PATHS = "\"TCAStackBasedNavigation/Preview Content\"";
				ENABLE_PREVIEWS = YES;
				GENERATE_INFOPLIST_FILE = YES;
				INFOPLIST_KEY_UIApplicationSceneManifest_Generation = YES;
				INFOPLIST_KEY_UIApplicationSupportsIndirectInputEvents = YES;
				INFOPLIST_KEY_UILaunchScreen_Generation = YES;
				INFOPLIST_KEY_UISupportedInterfaceOrientations_iPad = "UIInterfaceOrientationPortrait UIInterfaceOrientationPortraitUpsideDown UIInterfaceOrientationLandscapeLeft UIInterfaceOrientationLandscapeRight";
				INFOPLIST_KEY_UISupportedInterfaceOrientations_iPhone = "UIInterfaceOrientationPortrait UIInterfaceOrientationLandscapeLeft UIInterfaceOrientationLandscapeRight";
				LD_RUNPATH_SEARCH_PATHS = (
					"$(inherited)",
					"@executable_path/Frameworks",
				);
				MARKETING_VERSION = 1.0;
				PRODUCT_BUNDLE_IDENTIFIER = com.educaswift.TCAStackBasedNavigation;
				PRODUCT_NAME = "$(TARGET_NAME)";
				SWIFT_EMIT_LOC_STRINGS = YES;
				SWIFT_VERSION = 5.0;
				TARGETED_DEVICE_FAMILY = "1,2";
			};
			name = Release;
		};
		675F0B622D22B6A800FFAB61 /* Debug */ = {
			isa = XCBuildConfiguration;
			buildSettings = {
				BUNDLE_LOADER = "$(TEST_HOST)";
				CODE_SIGN_STYLE = Automatic;
				CURRENT_PROJECT_VERSION = 1;
				GENERATE_INFOPLIST_FILE = YES;
				MARKETING_VERSION = 1.0;
				PRODUCT_BUNDLE_IDENTIFIER = com.educaswift.TCATreeBasedNavigationTests;
				PRODUCT_NAME = "$(TARGET_NAME)";
				SWIFT_EMIT_LOC_STRINGS = NO;
				SWIFT_VERSION = 5.0;
				TARGETED_DEVICE_FAMILY = "1,2";
				TEST_HOST = "$(BUILT_PRODUCTS_DIR)/TCATreeBasedNavigation.app/$(BUNDLE_EXECUTABLE_FOLDER_PATH)/TCATreeBasedNavigation";
			};
			name = Debug;
		};
		675F0B632D22B6A800FFAB61 /* Release */ = {
			isa = XCBuildConfiguration;
			buildSettings = {
				BUNDLE_LOADER = "$(TEST_HOST)";
				CODE_SIGN_STYLE = Automatic;
				CURRENT_PROJECT_VERSION = 1;
				GENERATE_INFOPLIST_FILE = YES;
				MARKETING_VERSION = 1.0;
				PRODUCT_BUNDLE_IDENTIFIER = com.educaswift.TCATreeBasedNavigationTests;
				PRODUCT_NAME = "$(TARGET_NAME)";
				SWIFT_EMIT_LOC_STRINGS = NO;
				SWIFT_VERSION = 5.0;
				TARGETED_DEVICE_FAMILY = "1,2";
				TEST_HOST = "$(BUILT_PRODUCTS_DIR)/TCATreeBasedNavigation.app/$(BUNDLE_EXECUTABLE_FOLDER_PATH)/TCATreeBasedNavigation";
			};
			name = Release;
		};
		675F0B712D22BBCB00FFAB61 /* Debug */ = {
			isa = XCBuildConfiguration;
			buildSettings = {
				BUNDLE_LOADER = "$(TEST_HOST)";
				CODE_SIGN_STYLE = Automatic;
				CURRENT_PROJECT_VERSION = 1;
				GENERATE_INFOPLIST_FILE = YES;
				MARKETING_VERSION = 1.0;
				PRODUCT_BUNDLE_IDENTIFIER = com.educaswift.TCAStackBasedNavigationTests;
				PRODUCT_NAME = "$(TARGET_NAME)";
				SWIFT_EMIT_LOC_STRINGS = NO;
				SWIFT_VERSION = 5.0;
				TARGETED_DEVICE_FAMILY = "1,2";
				TEST_HOST = "$(BUILT_PRODUCTS_DIR)/TCAStackBasedNavigation.app/$(BUNDLE_EXECUTABLE_FOLDER_PATH)/TCAStackBasedNavigation";
			};
			name = Debug;
		};
		675F0B722D22BBCB00FFAB61 /* Release */ = {
			isa = XCBuildConfiguration;
			buildSettings = {
				BUNDLE_LOADER = "$(TEST_HOST)";
				CODE_SIGN_STYLE = Automatic;
				CURRENT_PROJECT_VERSION = 1;
				GENERATE_INFOPLIST_FILE = YES;
				MARKETING_VERSION = 1.0;
				PRODUCT_BUNDLE_IDENTIFIER = com.educaswift.TCAStackBasedNavigationTests;
				PRODUCT_NAME = "$(TARGET_NAME)";
				SWIFT_EMIT_LOC_STRINGS = NO;
				SWIFT_VERSION = 5.0;
				TARGETED_DEVICE_FAMILY = "1,2";
				TEST_HOST = "$(BUILT_PRODUCTS_DIR)/TCAStackBasedNavigation.app/$(BUNDLE_EXECUTABLE_FOLDER_PATH)/TCAStackBasedNavigation";
			};
			name = Release;
		};
/* End XCBuildConfiguration section */

/* Begin XCConfigurationList section */
		675F0AFC2D1D9F9A00FFAB61 /* Build configuration list for PBXProject "EducaSwiftTCANavigation" */ = {
			isa = XCConfigurationList;
			buildConfigurations = (
				675F0B0D2D1D9F9B00FFAB61 /* Debug */,
				675F0B0E2D1D9F9B00FFAB61 /* Release */,
			);
			defaultConfigurationIsVisible = 0;
			defaultConfigurationName = Release;
		};
		675F0B212D1D9FDA00FFAB61 /* Build configuration list for PBXNativeTarget "TCATreeBasedNavigation" */ = {
			isa = XCConfigurationList;
			buildConfigurations = (
				675F0B222D1D9FDA00FFAB61 /* Debug */,
				675F0B232D1D9FDA00FFAB61 /* Release */,
			);
			defaultConfigurationIsVisible = 0;
			defaultConfigurationName = Release;
		};
		675F0B332D1D9FEA00FFAB61 /* Build configuration list for PBXNativeTarget "TCAStackBasedNavigation" */ = {
			isa = XCConfigurationList;
			buildConfigurations = (
				675F0B342D1D9FEA00FFAB61 /* Debug */,
				675F0B352D1D9FEA00FFAB61 /* Release */,
			);
			defaultConfigurationIsVisible = 0;
			defaultConfigurationName = Release;
		};
		675F0B612D22B6A800FFAB61 /* Build configuration list for PBXNativeTarget "TCATreeBasedNavigationTests" */ = {
			isa = XCConfigurationList;
			buildConfigurations = (
				675F0B622D22B6A800FFAB61 /* Debug */,
				675F0B632D22B6A800FFAB61 /* Release */,
			);
			defaultConfigurationIsVisible = 0;
			defaultConfigurationName = Release;
		};
		675F0B702D22BBCB00FFAB61 /* Build configuration list for PBXNativeTarget "TCAStackBasedNavigationTests" */ = {
			isa = XCConfigurationList;
			buildConfigurations = (
				675F0B712D22BBCB00FFAB61 /* Debug */,
				675F0B722D22BBCB00FFAB61 /* Release */,
			);
			defaultConfigurationIsVisible = 0;
			defaultConfigurationName = Release;
		};
/* End XCConfigurationList section */

/* Begin XCRemoteSwiftPackageReference section */
		675F0B362D1DA02300FFAB61 /* XCRemoteSwiftPackageReference "swift-composable-architecture" */ = {
			isa = XCRemoteSwiftPackageReference;
			repositoryURL = "https://github.com/pointfreeco/swift-composable-architecture";
			requirement = {
				kind = upToNextMajorVersion;
				minimumVersion = 1.17.0;
			};
		};
/* End XCRemoteSwiftPackageReference section */

/* Begin XCSwiftPackageProductDependency section */
		675F0B372D1DA02300FFAB61 /* ComposableArchitecture */ = {
			isa = XCSwiftPackageProductDependency;
			package = 675F0B362D1DA02300FFAB61 /* XCRemoteSwiftPackageReference "swift-composable-architecture" */;
			productName = ComposableArchitecture;
		};
		675F0B392D1DA06700FFAB61 /* ComposableArchitecture */ = {
			isa = XCSwiftPackageProductDependency;
			package = 675F0B362D1DA02300FFAB61 /* XCRemoteSwiftPackageReference "swift-composable-architecture" */;
			productName = ComposableArchitecture;
		};
/* End XCSwiftPackageProductDependency section */
	};
	rootObject = 675F0AF92D1D9F9A00FFAB61 /* Project object */;
}
